
Microsoft Visual Studio Solution File, Format Version 11.00
# Visual Basic Express 2010
Project("{F184B08F-C81C-45F6-A57F-5ABD9991F28F}") = "ch09_ex2", "ch09_ex2.vbproj", "{189571CD-9D45-4352-A0D0-D760366767D0}"
EndProject
Global
	GlobalSection(SolutionConfigurationPlatforms) = preSolution
		Debug|x86 = Debug|x86
		Release|x86 = Release|x86
	EndGlobalSection
	GlobalSection(ProjectConfigurationPlatforms) = postSolution
		{189571CD-9D45-4352-A0D0-D760366767D0}.Debug|x86.ActiveCfg = Debug|x86
		{189571CD-9D45-4352-A0D0-D760366767D0}.Debug|x86.Build.0 = Debug|x86
		{189571CD-9D45-4352-A0D0-D760366767D0}.Release|x86.ActiveCfg = Release|x86
		{189571CD-9D45-4352-A0D0-D760366767D0}.Release|x86.Build.0 = Release|x86
	EndGlobalSection
	GlobalSection(SolutionProperties) = preSolution
		HideSolutionNode = FALSE
	EndGlobalSection
EndGlobal
