
Microsoft Visual Studio Solution File, Format Version 11.00
# Visual Basic Express 2010
Project("{F184B08F-C81C-45F6-A57F-5ABD9991F28F}") = "ch10_ex2", "ch10_ex2.vbproj", "{F8CA178B-3239-4249-B177-4EE0610A0293}"
EndProject
Global
	GlobalSection(SolutionConfigurationPlatforms) = preSolution
		Debug|x86 = Debug|x86
		Release|x86 = Release|x86
	EndGlobalSection
	GlobalSection(ProjectConfigurationPlatforms) = postSolution
		{F8CA178B-3239-4249-B177-4EE0610A0293}.Debug|x86.ActiveCfg = Debug|x86
		{F8CA178B-3239-4249-B177-4EE0610A0293}.Debug|x86.Build.0 = Debug|x86
		{F8CA178B-3239-4249-B177-4EE0610A0293}.Release|x86.ActiveCfg = Release|x86
		{F8CA178B-3239-4249-B177-4EE0610A0293}.Release|x86.Build.0 = Release|x86
	EndGlobalSection
	GlobalSection(SolutionProperties) = preSolution
		HideSolutionNode = FALSE
	EndGlobalSection
EndGlobal
